
Microsoft Visual Studio Solution File, Format Version 12.00
# Visual Studio Version 17
VisualStudioVersion = 17.4.33110.190
MinimumVisualStudioVersion = 10.0.40219.1
Project("{9A19103F-16F7-4668-BE54-9A1E7A4F7556}") = "YouTubeDownloaderGUI", "YouTubeDownloaderGUI.csproj", "{60B9CAE0-E177-4011-86E2-D6C59D0D9ECE}"
EndProject
Global
	GlobalSection(SolutionConfigurationPlatforms) = preSolution
		Debug|Any CPU = Debug|Any CPU
		Release|Any CPU = Release|Any CPU
	EndGlobalSection
	GlobalSection(ProjectConfigurationPlatforms) = postSolution
		{60B9CAE0-E177-4011-86E2-D6C59D0D9ECE}.Debug|Any CPU.ActiveCfg = Debug|Any CPU
		{60B9CAE0-E177-4011-86E2-D6C59D0D9ECE}.Debug|Any CPU.Build.0 = Debug|Any CPU
		{60B9CAE0-E177-4011-86E2-D6C59D0D9ECE}.Release|Any CPU.ActiveCfg = Release|Any CPU
		{60B9CAE0-E177-4011-86E2-D6C59D0D9ECE}.Release|Any CPU.Build.0 = Release|Any CPU
	EndGlobalSection
	GlobalSection(SolutionProperties) = preSolution
		HideSolutionNode = FALSE
	EndGlobalSection
	GlobalSection(ExtensibilityGlobals) = postSolution
		SolutionGuid = {F0DD8198-E1B0-4560-979C-0A10EF0F7398}
	EndGlobalSection
EndGlobal
